
Microsoft Visual Studio Solution File, Format Version 12.00
# Visual Studio Version 16
VisualStudioVersion = 16.0.31025.194
MinimumVisualStudioVersion = 10.0.40219.1
Project("{FAE04EC0-301F-11D3-BF4B-00C04F79EFBC}") = "Lab8", "Lab8.csproj", "{66EB6D42-526B-41FE-9C55-C280AB9926F9}"
EndProject
Global
	GlobalSection(SolutionConfigurationPlatforms) = preSolution
		Debug|Any CPU = Debug|Any CPU
		Release|Any CPU = Release|Any CPU
	EndGlobalSection
	GlobalSection(ProjectConfigurationPlatforms) = postSolution
		{66EB6D42-526B-41FE-9C55-C280AB9926F9}.Debug|Any CPU.ActiveCfg = Debug|Any CPU
		{66EB6D42-526B-41FE-9C55-C280AB9926F9}.Debug|Any CPU.Build.0 = Debug|Any CPU
		{66EB6D42-526B-41FE-9C55-C280AB9926F9}.Release|Any CPU.ActiveCfg = Release|Any CPU
		{66EB6D42-526B-41FE-9C55-C280AB9926F9}.Release|Any CPU.Build.0 = Release|Any CPU
	EndGlobalSection
	GlobalSection(SolutionProperties) = preSolution
		HideSolutionNode = FALSE
	EndGlobalSection
	GlobalSection(ExtensibilityGlobals) = postSolution
		SolutionGuid = {3D6496FC-6A87-436C-953A-4EF3A143C547}
	EndGlobalSection
EndGlobal
